
Microsoft Visual Studio Solution File, Format Version 12.00
# Visual Studio Version 17
VisualStudioVersion = 17.12.35728.132 d17.12
MinimumVisualStudioVersion = 10.0.40219.1
Project("{FAE04EC0-301F-11D3-BF4B-00C04F79EFBC}") = "SimpleMimeMap", "SimpleMimeMap\SimpleMimeMap.csproj", "{F66ED555-8BC8-4D6C-987A-35255CF560E9}"
EndProject
Project("{FAE04EC0-301F-11D3-BF4B-00C04F79EFBC}") = "SimpleMimeMap.Test", "SimpleMimeMap.Test\SimpleMimeMap.Test.csproj", "{51FEA39C-A62B-4777-B5B6-ED62309BE9D1}"
	ProjectSection(ProjectDependencies) = postProject
		{F66ED555-8BC8-4D6C-987A-35255CF560E9} = {F66ED555-8BC8-4D6C-987A-35255CF560E9}
	EndProjectSection
EndProject
Project("{FAE04EC0-301F-11D3-BF4B-00C04F79EFBC}") = "SimpleMimeMap.Updater", "SimpleMimeMap.Updater\SimpleMimeMap.Updater.csproj", "{0D6AA5CD-F37C-4F64-8C29-CE3C0A5435CB}"
EndProject
Global
	GlobalSection(SolutionConfigurationPlatforms) = preSolution
		Debug|Any CPU = Debug|Any CPU
		Release|Any CPU = Release|Any CPU
	EndGlobalSection
	GlobalSection(ProjectConfigurationPlatforms) = postSolution
		{F66ED555-8BC8-4D6C-987A-35255CF560E9}.Debug|Any CPU.ActiveCfg = Debug|Any CPU
		{F66ED555-8BC8-4D6C-987A-35255CF560E9}.Debug|Any CPU.Build.0 = Debug|Any CPU
		{F66ED555-8BC8-4D6C-987A-35255CF560E9}.Release|Any CPU.ActiveCfg = Release|Any CPU
		{F66ED555-8BC8-4D6C-987A-35255CF560E9}.Release|Any CPU.Build.0 = Release|Any CPU
		{51FEA39C-A62B-4777-B5B6-ED62309BE9D1}.Debug|Any CPU.ActiveCfg = Debug|Any CPU
		{51FEA39C-A62B-4777-B5B6-ED62309BE9D1}.Debug|Any CPU.Build.0 = Debug|Any CPU
		{51FEA39C-A62B-4777-B5B6-ED62309BE9D1}.Release|Any CPU.ActiveCfg = Release|Any CPU
		{51FEA39C-A62B-4777-B5B6-ED62309BE9D1}.Release|Any CPU.Build.0 = Release|Any CPU
		{0D6AA5CD-F37C-4F64-8C29-CE3C0A5435CB}.Debug|Any CPU.ActiveCfg = Debug|Any CPU
		{0D6AA5CD-F37C-4F64-8C29-CE3C0A5435CB}.Debug|Any CPU.Build.0 = Debug|Any CPU
		{0D6AA5CD-F37C-4F64-8C29-CE3C0A5435CB}.Release|Any CPU.ActiveCfg = Release|Any CPU
		{0D6AA5CD-F37C-4F64-8C29-CE3C0A5435CB}.Release|Any CPU.Build.0 = Release|Any CPU
	EndGlobalSection
	GlobalSection(SolutionProperties) = preSolution
		HideSolutionNode = FALSE
	EndGlobalSection
EndGlobal
